// !$*UTF8*$!
{
	archiveVersion = 1;
	classes = {
	};
	objectVersion = 56;
	objects = {

/* Begin PBXBuildFile section */
		4F001A0F2CD3A2520036B831 /* MyMapView.swift in Sources */ = {isa = PBXBuildFile; fileRef = 4F001A0E2CD3A2520036B831 /* MyMapView.swift */; };
		4F001A112CD543520036B831 /* RunTripView.swift in Sources */ = {isa = PBXBuildFile; fileRef = 4F001A102CD543520036B831 /* RunTripView.swift */; };
		4F1CF6D02CA2DE54006CF8BC /* WelcomView.swift in Sources */ = {isa = PBXBuildFile; fileRef = 4F1CF6CF2CA2DE54006CF8BC /* WelcomView.swift */; };
		4F1E27522D49C03A00599C3E /* Launch Screen.storyboard in Resources */ = {isa = PBXBuildFile; fileRef = 4F1E27512D49C03A00599C3E /* Launch Screen.storyboard */; };
		4F1E27562D49C1A900599C3E /* TaxiDriverApp.swift in Sources */ = {isa = PBXBuildFile; fileRef = 4F1E27552D49C1A900599C3E /* TaxiDriverApp.swift */; };
		4F1E27582D49C1C200599C3E /* ContentView.swift in Sources */ = {isa = PBXBuildFile; fileRef = 4F1E27572D49C1C200599C3E /* ContentView.swift */; };
		4F1E275E2D49C32900599C3E /* NunitoSans-SemiBold.ttf in Resources */ = {isa = PBXBuildFile; fileRef = 4F1E275D2D49C32900599C3E /* NunitoSans-SemiBold.ttf */; };
		4F1E275F2D49C32900599C3E /* NunitoSans-Bold.ttf in Resources */ = {isa = PBXBuildFile; fileRef = 4F1E275A2D49C32900599C3E /* NunitoSans-Bold.ttf */; };
		4F1E27602D49C32900599C3E /* NunitoSans-Regular.ttf in Resources */ = {isa = PBXBuildFile; fileRef = 4F1E275C2D49C32900599C3E /* NunitoSans-Regular.ttf */; };
		4F1E27612D49C32900599C3E /* NunitoSans-ExtraBold.ttf in Resources */ = {isa = PBXBuildFile; fileRef = 4F1E275B2D49C32900599C3E /* NunitoSans-ExtraBold.ttf */; };
		4F1E27702D49C88C00599C3E /* en.json in Resources */ = {isa = PBXBuildFile; fileRef = 4F1E276F2D49C88C00599C3E /* en.json */; };
		4F1E27742D49C8AD00599C3E /* taxi-driver-Info.plist in Resources */ = {isa = PBXBuildFile; fileRef = 4F1E27732D49C8AD00599C3E /* taxi-driver-Info.plist */; };
		4F24C25F2D0B3FCE0052C8A4 /* BackgroundCleanerView.swift in Sources */ = {isa = PBXBuildFile; fileRef = 4F24C25E2D0B3FCD0052C8A4 /* BackgroundCleanerView.swift */; };
		4F24C2612D0B465E0052C8A4 /* VisualEffectView.swift in Sources */ = {isa = PBXBuildFile; fileRef = 4F24C2602D0B465E0052C8A4 /* VisualEffectView.swift */; };
		4F24F91C2D45BC6300D12862 /* MenuView.swift in Sources */ = {isa = PBXBuildFile; fileRef = 4F24F91B2D45BC6300D12862 /* MenuView.swift */; };
		4F6AF2942C7F16A300409C16 /* UIExtension.swift in Sources */ = {isa = PBXBuildFile; fileRef = 4F6AF2932C7F16A300409C16 /* UIExtension.swift */; };
		4F7051EA2CAF0E7800D1DA58 /* CountryPicker in Frameworks */ = {isa = PBXBuildFile; productRef = 4F7051E92CAF0E7800D1DA58 /* CountryPicker */; };
		4F7051EC2CAF551F00D1DA58 /* OTPView.swift in Sources */ = {isa = PBXBuildFile; fileRef = 4F7051EB2CAF551F00D1DA58 /* OTPView.swift */; };
		4F7051EE2CAF556A00D1DA58 /* OTPTextField.swift in Sources */ = {isa = PBXBuildFile; fileRef = 4F7051ED2CAF556A00D1DA58 /* OTPTextField.swift */; };
		4F7051F02CB035B900D1DA58 /* SignInView.swift in Sources */ = {isa = PBXBuildFile; fileRef = 4F7051EF2CB035B900D1DA58 /* SignInView.swift */; };
		4F7051F22CB03BD400D1DA58 /* LineTextField.swift in Sources */ = {isa = PBXBuildFile; fileRef = 4F7051F12CB03BD400D1DA58 /* LineTextField.swift */; };
		4F7051F42CB2A09A00D1DA58 /* SingUpView.swift in Sources */ = {isa = PBXBuildFile; fileRef = 4F7051F32CB2A09A00D1DA58 /* SingUpView.swift */; };
		4F7051F62CB2C35600D1DA58 /* BankDataView.swift in Sources */ = {isa = PBXBuildFile; fileRef = 4F7051F52CB2C35600D1DA58 /* BankDataView.swift */; };
		4F7051F82CB4053000D1DA58 /* DocumentUploadView.swift in Sources */ = {isa = PBXBuildFile; fileRef = 4F7051F72CB4053000D1DA58 /* DocumentUploadView.swift */; };
		4F7051FA2CB4066300D1DA58 /* DocumentRow.swift in Sources */ = {isa = PBXBuildFile; fileRef = 4F7051F92CB4066300D1DA58 /* DocumentRow.swift */; };
		4F75476A2CA55FB60088751A /* MobileNumberView.swift in Sources */ = {isa = PBXBuildFile; fileRef = 4F7547692CA55FB60088751A /* MobileNumberView.swift */; };
		4F993DFD2CB54828009E11EF /* AddVehicleView.swift in Sources */ = {isa = PBXBuildFile; fileRef = 4F993DFC2CB54828009E11EF /* AddVehicleView.swift */; };
		4F993DFF2CB6B3C4009E11EF /* VehicleDocumentView.swift in Sources */ = {isa = PBXBuildFile; fileRef = 4F993DFE2CB6B3C4009E11EF /* VehicleDocumentView.swift */; };
		4F993E012CB6B91A009E11EF /* SubscriptionPlanView.swift in Sources */ = {isa = PBXBuildFile; fileRef = 4F993E002CB6B91A009E11EF /* SubscriptionPlanView.swift */; };
		4F993E032CB963AE009E11EF /* HomeView.swift in Sources */ = {isa = PBXBuildFile; fileRef = 4F993E022CB963AE009E11EF /* HomeView.swift */; };
		4FA38B6B2D5ACB2500AF0DD4 /* TripDetailsView.swift in Sources */ = {isa = PBXBuildFile; fileRef = 4FA38B6A2D5ACB2500AF0DD4 /* TripDetailsView.swift */; };
		4FA38B6D2D5ADA2C00AF0DD4 /* TitleSubtitleButton.swift in Sources */ = {isa = PBXBuildFile; fileRef = 4FA38B6C2D5ADA2C00AF0DD4 /* TitleSubtitleButton.swift */; };
		4FA38B6F2D5ADB5500AF0DD4 /* TitleSubtitleRow.swift in Sources */ = {isa = PBXBuildFile; fileRef = 4FA38B6E2D5ADB5500AF0DD4 /* TitleSubtitleRow.swift */; };
		4FAF99162CC9286E005957C1 /* TipRequestView.swift in Sources */ = {isa = PBXBuildFile; fileRef = 4FAF99152CC9286E005957C1 /* TipRequestView.swift */; };
		4FB937462D132D5C0025454A /* ReasonView.swift in Sources */ = {isa = PBXBuildFile; fileRef = 4FB937452D132D5C0025454A /* ReasonView.swift */; };
		4FC2FAFF2CC1174900A1152D /* IconTitleSubtitleButton.swift in Sources */ = {isa = PBXBuildFile; fileRef = 4FC2FAFE2CC1174900A1152D /* IconTitleSubtitleButton.swift */; };
		4FCF3FBE2CA0482400189FBF /* ChangeLanguageView.swift in Sources */ = {isa = PBXBuildFile; fileRef = 4FCF3FBD2CA0482400189FBF /* ChangeLanguageView.swift */; };
		4FDC5B032D5B7AD800F85EFC /* EarningView.swift in Sources */ = {isa = PBXBuildFile; fileRef = 4FDC5B022D5B7AD800F85EFC /* EarningView.swift */; };
		4FDC5B052D5D332F00F85EFC /* SummaryView.swift in Sources */ = {isa = PBXBuildFile; fileRef = 4FDC5B042D5D332F00F85EFC /* SummaryView.swift */; };
		4FDC5B072D5D3CAF00F85EFC /* TodaySummaryRow.swift in Sources */ = {isa = PBXBuildFile; fileRef = 4FDC5B062D5D3CAF00F85EFC /* TodaySummaryRow.swift */; };
		4FDC5B092D5D3CEC00F85EFC /* WeeklySummaryRow.swift in Sources */ = {isa = PBXBuildFile; fileRef = 4FDC5B082D5D3CEC00F85EFC /* WeeklySummaryRow.swift */; };
		4FDC5B0B2D5D75D800F85EFC /* WalletView.swift in Sources */ = {isa = PBXBuildFile; fileRef = 4FDC5B0A2D5D75D800F85EFC /* WalletView.swift */; };
		4FDC5B0D2D5D762500F85EFC /* AddMoneyWalletView.swift in Sources */ = {isa = PBXBuildFile; fileRef = 4FDC5B0C2D5D762500F85EFC /* AddMoneyWalletView.swift */; };
		4FDC5B0F2D5D796E00F85EFC /* WalletRow.swift in Sources */ = {isa = PBXBuildFile; fileRef = 4FDC5B0E2D5D796E00F85EFC /* WalletRow.swift */; };
		4FDC647D2C7F0B59009D4BF2 /* Assets.xcassets in Resources */ = {isa = PBXBuildFile; fileRef = 4FDC647C2C7F0B59009D4BF2 /* Assets.xcassets */; };
		4FDC64802C7F0B59009D4BF2 /* Preview Assets.xcassets in Resources */ = {isa = PBXBuildFile; fileRef = 4FDC647F2C7F0B59009D4BF2 /* Preview Assets.xcassets */; };
		4FE1E4322CAEB98000A07767 /* CountryPickerUI.swift in Sources */ = {isa = PBXBuildFile; fileRef = 4FE1E4312CAEB98000A07767 /* CountryPickerUI.swift */; };
		4FECF51B2D49CC82009EA61B /* GoogleService-Info.plist in Resources */ = {isa = PBXBuildFile; fileRef = 4FECF51A2D49CC82009EA61B /* GoogleService-Info.plist */; };
		4FF850402CB5233D009B0538 /* DocumentModel.swift in Sources */ = {isa = PBXBuildFile; fileRef = 4FF8503F2CB5233D009B0538 /* DocumentModel.swift */; };
		4FF850462CB5246A009B0538 /* DocumentViewModel.swift in Sources */ = {isa = PBXBuildFile; fileRef = 4FF850452CB5246A009B0538 /* DocumentViewModel.swift */; };
		4FF850482CB524B7009B0538 /* ServiceCall.swift in Sources */ = {isa = PBXBuildFile; fileRef = 4FF850472CB524B7009B0538 /* ServiceCall.swift */; };
		4FF8504A2CB524F9009B0538 /* Globs.swift in Sources */ = {isa = PBXBuildFile; fileRef = 4FF850492CB524F9009B0538 /* Globs.swift */; };
		4FF8504C2CB5255D009B0538 /* ImagePicker.swift in Sources */ = {isa = PBXBuildFile; fileRef = 4FF8504B2CB5255D009B0538 /* ImagePicker.swift */; };
/* End PBXBuildFile section */

/* Begin PBXContainerItemProxy section */
		4FDC64862C7F0B59009D4BF2 /* PBXContainerItemProxy */ = {
			isa = PBXContainerItemProxy;
			containerPortal = 4FDC646D2C7F0B58009D4BF2 /* Project object */;
			proxyType = 1;
			remoteGlobalIDString = 4FDC64742C7F0B58009D4BF2;
			remoteInfo = TaxiDriver;
		};
		4FDC64902C7F0B59009D4BF2 /* PBXContainerItemProxy */ = {
			isa = PBXContainerItemProxy;
			containerPortal = 4FDC646D2C7F0B58009D4BF2 /* Project object */;
			proxyType = 1;
			remoteGlobalIDString = 4FDC64742C7F0B58009D4BF2;
			remoteInfo = TaxiDriver;
		};
/* End PBXContainerItemProxy section */

/* Begin PBXCopyFilesBuildPhase section */
		4F6AF2532C7F154100409C16 /* Embed Foundation Extensions */ = {
			isa = PBXCopyFilesBuildPhase;
			buildActionMask = 2147483647;
			dstPath = "";
			dstSubfolderSpec = 13;
			files = (
			);
			name = "Embed Foundation Extensions";
			runOnlyForDeploymentPostprocessing = 0;
		};
/* End PBXCopyFilesBuildPhase section */

/* Begin PBXFileReference section */
		4F001A0E2CD3A2520036B831 /* MyMapView.swift */ = {isa = PBXFileReference; lastKnownFileType = sourcecode.swift; path = MyMapView.swift; sourceTree = "<group>"; };
		4F001A102CD543520036B831 /* RunTripView.swift */ = {isa = PBXFileReference; lastKnownFileType = sourcecode.swift; path = RunTripView.swift; sourceTree = "<group>"; };
		4F1CF6CF2CA2DE54006CF8BC /* WelcomView.swift */ = {isa = PBXFileReference; lastKnownFileType = sourcecode.swift; path = WelcomView.swift; sourceTree = "<group>"; };
		4F1E27512D49C03A00599C3E /* Launch Screen.storyboard */ = {isa = PBXFileReference; lastKnownFileType = file.storyboard; path = "Launch Screen.storyboard"; sourceTree = "<group>"; };
		4F1E27552D49C1A900599C3E /* TaxiDriverApp.swift */ = {isa = PBXFileReference; lastKnownFileType = sourcecode.swift; path = TaxiDriverApp.swift; sourceTree = "<group>"; };
		4F1E27572D49C1C200599C3E /* ContentView.swift */ = {isa = PBXFileReference; lastKnownFileType = sourcecode.swift; path = ContentView.swift; sourceTree = "<group>"; };
		4F1E275A2D49C32900599C3E /* NunitoSans-Bold.ttf */ = {isa = PBXFileReference; lastKnownFileType = file; path = "NunitoSans-Bold.ttf"; sourceTree = "<group>"; };
		4F1E275B2D49C32900599C3E /* NunitoSans-ExtraBold.ttf */ = {isa = PBXFileReference; lastKnownFileType = file; path = "NunitoSans-ExtraBold.ttf"; sourceTree = "<group>"; };
		4F1E275C2D49C32900599C3E /* NunitoSans-Regular.ttf */ = {isa = PBXFileReference; lastKnownFileType = file; path = "NunitoSans-Regular.ttf"; sourceTree = "<group>"; };
		4F1E275D2D49C32900599C3E /* NunitoSans-SemiBold.ttf */ = {isa = PBXFileReference; lastKnownFileType = file; path = "NunitoSans-SemiBold.ttf"; sourceTree = "<group>"; };
		4F1E276E2D49C87E00599C3E /* taxi_driver.entitlements */ = {isa = PBXFileReference; lastKnownFileType = text.plist.entitlements; path = taxi_driver.entitlements; sourceTree = "<group>"; };
		4F1E276F2D49C88C00599C3E /* en.json */ = {isa = PBXFileReference; lastKnownFileType = text.json; path = en.json; sourceTree = "<group>"; };
		4F1E27732D49C8AD00599C3E /* taxi-driver-Info.plist */ = {isa = PBXFileReference; lastKnownFileType = text.plist.xml; name = "taxi-driver-Info.plist"; path = "TaxiDriver/taxi-driver-Info.plist"; sourceTree = SOURCE_ROOT; };
		4F24C25E2D0B3FCD0052C8A4 /* BackgroundCleanerView.swift */ = {isa = PBXFileReference; lastKnownFileType = sourcecode.swift; path = BackgroundCleanerView.swift; sourceTree = "<group>"; };
		4F24C2602D0B465E0052C8A4 /* VisualEffectView.swift */ = {isa = PBXFileReference; lastKnownFileType = sourcecode.swift; path = VisualEffectView.swift; sourceTree = "<group>"; };
		4F24F91B2D45BC6300D12862 /* MenuView.swift */ = {isa = PBXFileReference; lastKnownFileType = sourcecode.swift; path = MenuView.swift; sourceTree = "<group>"; };
		4F6AF2932C7F16A300409C16 /* UIExtension.swift */ = {isa = PBXFileReference; lastKnownFileType = sourcecode.swift; path = UIExtension.swift; sourceTree = "<group>"; };
		4F7051EB2CAF551F00D1DA58 /* OTPView.swift */ = {isa = PBXFileReference; lastKnownFileType = sourcecode.swift; path = OTPView.swift; sourceTree = "<group>"; };
		4F7051ED2CAF556A00D1DA58 /* OTPTextField.swift */ = {isa = PBXFileReference; lastKnownFileType = sourcecode.swift; path = OTPTextField.swift; sourceTree = "<group>"; };
		4F7051EF2CB035B900D1DA58 /* SignInView.swift */ = {isa = PBXFileReference; lastKnownFileType = sourcecode.swift; path = SignInView.swift; sourceTree = "<group>"; };
		4F7051F12CB03BD400D1DA58 /* LineTextField.swift */ = {isa = PBXFileReference; lastKnownFileType = sourcecode.swift; path = LineTextField.swift; sourceTree = "<group>"; };
		4F7051F32CB2A09A00D1DA58 /* SingUpView.swift */ = {isa = PBXFileReference; lastKnownFileType = sourcecode.swift; path = SingUpView.swift; sourceTree = "<group>"; };
		4F7051F52CB2C35600D1DA58 /* BankDataView.swift */ = {isa = PBXFileReference; lastKnownFileType = sourcecode.swift; path = BankDataView.swift; sourceTree = "<group>"; };
		4F7051F72CB4053000D1DA58 /* DocumentUploadView.swift */ = {isa = PBXFileReference; lastKnownFileType = sourcecode.swift; path = DocumentUploadView.swift; sourceTree = "<group>"; };
		4F7051F92CB4066300D1DA58 /* DocumentRow.swift */ = {isa = PBXFileReference; lastKnownFileType = sourcecode.swift; path = DocumentRow.swift; sourceTree = "<group>"; };
		4F7547692CA55FB60088751A /* MobileNumberView.swift */ = {isa = PBXFileReference; lastKnownFileType = sourcecode.swift; path = MobileNumberView.swift; sourceTree = "<group>"; };
		4F993DFC2CB54828009E11EF /* AddVehicleView.swift */ = {isa = PBXFileReference; lastKnownFileType = sourcecode.swift; path = AddVehicleView.swift; sourceTree = "<group>"; };
		4F993DFE2CB6B3C4009E11EF /* VehicleDocumentView.swift */ = {isa = PBXFileReference; lastKnownFileType = sourcecode.swift; path = VehicleDocumentView.swift; sourceTree = "<group>"; };
		4F993E002CB6B91A009E11EF /* SubscriptionPlanView.swift */ = {isa = PBXFileReference; lastKnownFileType = sourcecode.swift; path = SubscriptionPlanView.swift; sourceTree = "<group>"; };
		4F993E022CB963AE009E11EF /* HomeView.swift */ = {isa = PBXFileReference; lastKnownFileType = sourcecode.swift; path = HomeView.swift; sourceTree = "<group>"; };
		4FA38B6A2D5ACB2500AF0DD4 /* TripDetailsView.swift */ = {isa = PBXFileReference; lastKnownFileType = sourcecode.swift; path = TripDetailsView.swift; sourceTree = "<group>"; };
		4FA38B6C2D5ADA2C00AF0DD4 /* TitleSubtitleButton.swift */ = {isa = PBXFileReference; lastKnownFileType = sourcecode.swift; path = TitleSubtitleButton.swift; sourceTree = "<group>"; };
		4FA38B6E2D5ADB5500AF0DD4 /* TitleSubtitleRow.swift */ = {isa = PBXFileReference; lastKnownFileType = sourcecode.swift; path = TitleSubtitleRow.swift; sourceTree = "<group>"; };
		4FAF99152CC9286E005957C1 /* TipRequestView.swift */ = {isa = PBXFileReference; lastKnownFileType = sourcecode.swift; path = TipRequestView.swift; sourceTree = "<group>"; };
		4FB937452D132D5C0025454A /* ReasonView.swift */ = {isa = PBXFileReference; lastKnownFileType = sourcecode.swift; path = ReasonView.swift; sourceTree = "<group>"; };
		4FC2FAFE2CC1174900A1152D /* IconTitleSubtitleButton.swift */ = {isa = PBXFileReference; lastKnownFileType = sourcecode.swift; path = IconTitleSubtitleButton.swift; sourceTree = "<group>"; };
		4FCF3FBD2CA0482400189FBF /* ChangeLanguageView.swift */ = {isa = PBXFileReference; lastKnownFileType = sourcecode.swift; path = ChangeLanguageView.swift; sourceTree = "<group>"; };
		4FDC5B022D5B7AD800F85EFC /* EarningView.swift */ = {isa = PBXFileReference; lastKnownFileType = sourcecode.swift; path = EarningView.swift; sourceTree = "<group>"; };
		4FDC5B042D5D332F00F85EFC /* SummaryView.swift */ = {isa = PBXFileReference; lastKnownFileType = sourcecode.swift; path = SummaryView.swift; sourceTree = "<group>"; };
		4FDC5B062D5D3CAF00F85EFC /* TodaySummaryRow.swift */ = {isa = PBXFileReference; lastKnownFileType = sourcecode.swift; path = TodaySummaryRow.swift; sourceTree = "<group>"; };
		4FDC5B082D5D3CEC00F85EFC /* WeeklySummaryRow.swift */ = {isa = PBXFileReference; lastKnownFileType = sourcecode.swift; path = WeeklySummaryRow.swift; sourceTree = "<group>"; };
		4FDC5B0A2D5D75D800F85EFC /* WalletView.swift */ = {isa = PBXFileReference; lastKnownFileType = sourcecode.swift; path = WalletView.swift; sourceTree = "<group>"; };
		4FDC5B0C2D5D762500F85EFC /* AddMoneyWalletView.swift */ = {isa = PBXFileReference; lastKnownFileType = sourcecode.swift; path = AddMoneyWalletView.swift; sourceTree = "<group>"; };
		4FDC5B0E2D5D796E00F85EFC /* WalletRow.swift */ = {isa = PBXFileReference; lastKnownFileType = sourcecode.swift; path = WalletRow.swift; sourceTree = "<group>"; };
		4FDC64752C7F0B58009D4BF2 /* TaxiDriver.app */ = {isa = PBXFileReference; explicitFileType = wrapper.application; includeInIndex = 0; path = TaxiDriver.app; sourceTree = BUILT_PRODUCTS_DIR; };
		4FDC647C2C7F0B59009D4BF2 /* Assets.xcassets */ = {isa = PBXFileReference; lastKnownFileType = folder.assetcatalog; path = Assets.xcassets; sourceTree = "<group>"; };
		4FDC647F2C7F0B59009D4BF2 /* Preview Assets.xcassets */ = {isa = PBXFileReference; lastKnownFileType = folder.assetcatalog; path = "Preview Assets.xcassets"; sourceTree = "<group>"; };
		4FDC64852C7F0B59009D4BF2 /* TaxiDriverTests.xctest */ = {isa = PBXFileReference; explicitFileType = wrapper.cfbundle; includeInIndex = 0; path = TaxiDriverTests.xctest; sourceTree = BUILT_PRODUCTS_DIR; };
		4FDC648F2C7F0B59009D4BF2 /* TaxiDriverUITests.xctest */ = {isa = PBXFileReference; explicitFileType = wrapper.cfbundle; includeInIndex = 0; path = TaxiDriverUITests.xctest; sourceTree = BUILT_PRODUCTS_DIR; };
		4FE1E4312CAEB98000A07767 /* CountryPickerUI.swift */ = {isa = PBXFileReference; lastKnownFileType = sourcecode.swift; path = CountryPickerUI.swift; sourceTree = "<group>"; };
		4FECF51A2D49CC82009EA61B /* GoogleService-Info.plist */ = {isa = PBXFileReference; lastKnownFileType = text.plist.xml; path = "GoogleService-Info.plist"; sourceTree = "<group>"; };
		4FF8503F2CB5233D009B0538 /* DocumentModel.swift */ = {isa = PBXFileReference; lastKnownFileType = sourcecode.swift; path = DocumentModel.swift; sourceTree = "<group>"; };
		4FF850452CB5246A009B0538 /* DocumentViewModel.swift */ = {isa = PBXFileReference; lastKnownFileType = sourcecode.swift; path = DocumentViewModel.swift; sourceTree = "<group>"; };
		4FF850472CB524B7009B0538 /* ServiceCall.swift */ = {isa = PBXFileReference; lastKnownFileType = sourcecode.swift; path = ServiceCall.swift; sourceTree = "<group>"; };
		4FF850492CB524F9009B0538 /* Globs.swift */ = {isa = PBXFileReference; lastKnownFileType = sourcecode.swift; path = Globs.swift; sourceTree = "<group>"; };
		4FF8504B2CB5255D009B0538 /* ImagePicker.swift */ = {isa = PBXFileReference; lastKnownFileType = sourcecode.swift; path = ImagePicker.swift; sourceTree = "<group>"; };
/* End PBXFileReference section */

/* Begin PBXFrameworksBuildPhase section */
		4FDC64722C7F0B58009D4BF2 /* Frameworks */ = {
			isa = PBXFrameworksBuildPhase;
			buildActionMask = 2147483647;
			files = (
				4F7051EA2CAF0E7800D1DA58 /* CountryPicker in Frameworks */,
			);
			runOnlyForDeploymentPostprocessing = 0;
		};
		4FDC64822C7F0B59009D4BF2 /* Frameworks */ = {
			isa = PBXFrameworksBuildPhase;
			buildActionMask = 2147483647;
			files = (
			);
			runOnlyForDeploymentPostprocessing = 0;
		};
		4FDC648C2C7F0B59009D4BF2 /* Frameworks */ = {
			isa = PBXFrameworksBuildPhase;
			buildActionMask = 2147483647;
			files = (
			);
			runOnlyForDeploymentPostprocessing = 0;
		};
/* End PBXFrameworksBuildPhase section */

/* Begin PBXGroup section */
		4F1E276B2D49C71F00599C3E /* Common */ = {
			isa = PBXGroup;
			children = (
			);
			path = Common;
			sourceTree = "<group>";
		};
		4F24F91A2D45BAA700D12862 /* Menu */ = {
			isa = PBXGroup;
			children = (
				4F24F91B2D45BC6300D12862 /* MenuView.swift */,
				4FDC5B022D5B7AD800F85EFC /* EarningView.swift */,
				4FDC5B042D5D332F00F85EFC /* SummaryView.swift */,
				4FDC5B0A2D5D75D800F85EFC /* WalletView.swift */,
				4FDC5B0C2D5D762500F85EFC /* AddMoneyWalletView.swift */,
			);
			path = Menu;
			sourceTree = "<group>";
		};
		4F6AF2922C7F167A00409C16 /* UICommon */ = {
			isa = PBXGroup;
			children = (
				4F6AF2932C7F16A300409C16 /* UIExtension.swift */,
				4FE1E4312CAEB98000A07767 /* CountryPickerUI.swift */,
				4F7051ED2CAF556A00D1DA58 /* OTPTextField.swift */,
				4F7051F12CB03BD400D1DA58 /* LineTextField.swift */,
				4F7051F92CB4066300D1DA58 /* DocumentRow.swift */,
				4FF850472CB524B7009B0538 /* ServiceCall.swift */,
				4FF850492CB524F9009B0538 /* Globs.swift */,
				4FF8504B2CB5255D009B0538 /* ImagePicker.swift */,
				4FC2FAFE2CC1174900A1152D /* IconTitleSubtitleButton.swift */,
				4F24C25E2D0B3FCD0052C8A4 /* BackgroundCleanerView.swift */,
				4F24C2602D0B465E0052C8A4 /* VisualEffectView.swift */,
				4FA38B6C2D5ADA2C00AF0DD4 /* TitleSubtitleButton.swift */,
				4FA38B6E2D5ADB5500AF0DD4 /* TitleSubtitleRow.swift */,
				4FDC5B062D5D3CAF00F85EFC /* TodaySummaryRow.swift */,
				4FDC5B082D5D3CEC00F85EFC /* WeeklySummaryRow.swift */,
				4FDC5B0E2D5D796E00F85EFC /* WalletRow.swift */,
			);
			path = UICommon;
			sourceTree = "<group>";
		};
		4FDC646C2C7F0B58009D4BF2 = {
			isa = PBXGroup;
			children = (
				4FDC64772C7F0B58009D4BF2 /* TaxiDriver */,
				4FDC64762C7F0B58009D4BF2 /* Products */,
			);
			sourceTree = "<group>";
		};
		4FDC64762C7F0B58009D4BF2 /* Products */ = {
			isa = PBXGroup;
			children = (
				4FDC64752C7F0B58009D4BF2 /* TaxiDriver.app */,
				4FDC64852C7F0B59009D4BF2 /* TaxiDriverTests.xctest */,
				4FDC648F2C7F0B59009D4BF2 /* TaxiDriverUITests.xctest */,
			);
			name = Products;
			sourceTree = "<group>";
		};
		4FDC64772C7F0B58009D4BF2 /* TaxiDriver */ = {
			isa = PBXGroup;
			children = (
				4F1E276E2D49C87E00599C3E /* taxi_driver.entitlements */,
				4F1E276F2D49C88C00599C3E /* en.json */,
				4FDC64A42C7F0DF6009D4BF2 /* Views */,
				4F1E276B2D49C71F00599C3E /* Common */,
				4F6AF2922C7F167A00409C16 /* UICommon */,
				4FDC64AB2C7F0F1F009D4BF2 /* Fonts */,
				4FDC647C2C7F0B59009D4BF2 /* Assets.xcassets */,
				4FDC647E2C7F0B59009D4BF2 /* Preview Content */,
				4FF850442CB52440009B0538 /* ViewModel */,
				4FF850432CB52417009B0538 /* Model */,
				4F1E27732D49C8AD00599C3E /* taxi-driver-Info.plist */,
				4F1E27512D49C03A00599C3E /* Launch Screen.storyboard */,
				4F1E27552D49C1A900599C3E /* TaxiDriverApp.swift */,
				4F1E27572D49C1C200599C3E /* ContentView.swift */,
				4FECF51A2D49CC82009EA61B /* GoogleService-Info.plist */,
			);
			path = TaxiDriver;
			sourceTree = "<group>";
		};
		4FDC647E2C7F0B59009D4BF2 /* Preview Content */ = {
			isa = PBXGroup;
			children = (
				4FDC647F2C7F0B59009D4BF2 /* Preview Assets.xcassets */,
			);
			path = "Preview Content";
			sourceTree = "<group>";
		};
		4FDC64A42C7F0DF6009D4BF2 /* Views */ = {
			isa = PBXGroup;
			children = (
				4F24F91A2D45BAA700D12862 /* Menu */,
				4FDC64A52C7F0DFC009D4BF2 /* Home */,
				4FDC64A62C7F0E07009D4BF2 /* Login */,
			);
			path = Views;
			sourceTree = "<group>";
		};
		4FDC64A52C7F0DFC009D4BF2 /* Home */ = {
			isa = PBXGroup;
			children = (
				4F993E022CB963AE009E11EF /* HomeView.swift */,
				4FAF99152CC9286E005957C1 /* TipRequestView.swift */,
				4F001A0E2CD3A2520036B831 /* MyMapView.swift */,
				4F001A102CD543520036B831 /* RunTripView.swift */,
				4FB937452D132D5C0025454A /* ReasonView.swift */,
				4FA38B6A2D5ACB2500AF0DD4 /* TripDetailsView.swift */,
			);
			path = Home;
			sourceTree = "<group>";
		};
		4FDC64A62C7F0E07009D4BF2 /* Login */ = {
			isa = PBXGroup;
			children = (
				4FCF3FBD2CA0482400189FBF /* ChangeLanguageView.swift */,
				4F1CF6CF2CA2DE54006CF8BC /* WelcomView.swift */,
				4F7547692CA55FB60088751A /* MobileNumberView.swift */,
				4F7051EB2CAF551F00D1DA58 /* OTPView.swift */,
				4F7051EF2CB035B900D1DA58 /* SignInView.swift */,
				4F7051F32CB2A09A00D1DA58 /* SingUpView.swift */,
				4F7051F52CB2C35600D1DA58 /* BankDataView.swift */,
				4F7051F72CB4053000D1DA58 /* DocumentUploadView.swift */,
				4F993DFC2CB54828009E11EF /* AddVehicleView.swift */,
				4F993DFE2CB6B3C4009E11EF /* VehicleDocumentView.swift */,
				4F993E002CB6B91A009E11EF /* SubscriptionPlanView.swift */,
			);
			path = Login;
			sourceTree = "<group>";
		};
		4FDC64AB2C7F0F1F009D4BF2 /* Fonts */ = {
			isa = PBXGroup;
			children = (
				4F1E275A2D49C32900599C3E /* NunitoSans-Bold.ttf */,
				4F1E275B2D49C32900599C3E /* NunitoSans-ExtraBold.ttf */,
				4F1E275C2D49C32900599C3E /* NunitoSans-Regular.ttf */,
				4F1E275D2D49C32900599C3E /* NunitoSans-SemiBold.ttf */,
			);
			path = Fonts;
			sourceTree = "<group>";
		};
		4FF850432CB52417009B0538 /* Model */ = {
			isa = PBXGroup;
			children = (
				4FF8503F2CB5233D009B0538 /* DocumentModel.swift */,
			);
			path = Model;
			sourceTree = "<group>";
		};
		4FF850442CB52440009B0538 /* ViewModel */ = {
			isa = PBXGroup;
			children = (
				4FF850452CB5246A009B0538 /* DocumentViewModel.swift */,
			);
			path = ViewModel;
			sourceTree = "<group>";
		};
/* End PBXGroup section */

/* Begin PBXNativeTarget section */
		4FDC64742C7F0B58009D4BF2 /* TaxiDriver */ = {
			isa = PBXNativeTarget;
			buildConfigurationList = 4FDC64992C7F0B59009D4BF2 /* Build configuration list for PBXNativeTarget "TaxiDriver" */;
			buildPhases = (
				4FDC64712C7F0B58009D4BF2 /* Sources */,
				4FDC64722C7F0B58009D4BF2 /* Frameworks */,
				4FDC64732C7F0B58009D4BF2 /* Resources */,
				4F6AF2532C7F154100409C16 /* Embed Foundation Extensions */,
			);
			buildRules = (
			);
			dependencies = (
			);
			name = TaxiDriver;
			productName = TaxiDriver;
			productReference = 4FDC64752C7F0B58009D4BF2 /* TaxiDriver.app */;
			productType = "com.apple.product-type.application";
		};
		4FDC64842C7F0B59009D4BF2 /* TaxiDriverTests */ = {
			isa = PBXNativeTarget;
			buildConfigurationList = 4FDC649C2C7F0B59009D4BF2 /* Build configuration list for PBXNativeTarget "TaxiDriverTests" */;
			buildPhases = (
				4FDC64812C7F0B59009D4BF2 /* Sources */,
				4FDC64822C7F0B59009D4BF2 /* Frameworks */,
				4FDC64832C7F0B59009D4BF2 /* Resources */,
			);
			buildRules = (
			);
			dependencies = (
				4FDC64872C7F0B59009D4BF2 /* PBXTargetDependency */,
			);
			name = TaxiDriverTests;
			productName = TaxiDriverTests;
			productReference = 4FDC64852C7F0B59009D4BF2 /* TaxiDriverTests.xctest */;
			productType = "com.apple.product-type.bundle.unit-test";
		};
		4FDC648E2C7F0B59009D4BF2 /* TaxiDriverUITests */ = {
			isa = PBXNativeTarget;
			buildConfigurationList = 4FDC649F2C7F0B59009D4BF2 /* Build configuration list for PBXNativeTarget "TaxiDriverUITests" */;
			buildPhases = (
				4FDC648B2C7F0B59009D4BF2 /* Sources */,
				4FDC648C2C7F0B59009D4BF2 /* Frameworks */,
				4FDC648D2C7F0B59009D4BF2 /* Resources */,
			);
			buildRules = (
			);
			dependencies = (
				4FDC64912C7F0B59009D4BF2 /* PBXTargetDependency */,
			);
			name = TaxiDriverUITests;
			productName = TaxiDriverUITests;
			productReference = 4FDC648F2C7F0B59009D4BF2 /* TaxiDriverUITests.xctest */;
			productType = "com.apple.product-type.bundle.ui-testing";
		};
/* End PBXNativeTarget section */

/* Begin PBXProject section */
		4FDC646D2C7F0B58009D4BF2 /* Project object */ = {
			isa = PBXProject;
			attributes = {
				BuildIndependentTargetsInParallel = 1;
				LastSwiftUpdateCheck = 1540;
				LastUpgradeCheck = 1600;
				TargetAttributes = {
					4FDC64742C7F0B58009D4BF2 = {
						CreatedOnToolsVersion = 15.4;
					};
					4FDC64842C7F0B59009D4BF2 = {
						CreatedOnToolsVersion = 15.4;
						TestTargetID = 4FDC64742C7F0B58009D4BF2;
					};
					4FDC648E2C7F0B59009D4BF2 = {
						CreatedOnToolsVersion = 15.4;
						TestTargetID = 4FDC64742C7F0B58009D4BF2;
					};
				};
			};
			buildConfigurationList = 4FDC64702C7F0B58009D4BF2 /* Build configuration list for PBXProject "TaxiDriver" */;
			compatibilityVersion = "Xcode 14.0";
			developmentRegion = en;
			hasScannedForEncodings = 0;
			knownRegions = (
				en,
				Base,
			);
			mainGroup = 4FDC646C2C7F0B58009D4BF2;
			packageReferences = (
				4F7051E82CAF0E7800D1DA58 /* XCRemoteSwiftPackageReference "CountryPicker" */,
				4F1E27772D49C9FA00599C3E /* XCRemoteSwiftPackageReference "firebase-ios-sdk" */,
			);
			productRefGroup = 4FDC64762C7F0B58009D4BF2 /* Products */;
			projectDirPath = "";
			projectRoot = "";
			targets = (
				4FDC64742C7F0B58009D4BF2 /* TaxiDriver */,
				4FDC64842C7F0B59009D4BF2 /* TaxiDriverTests */,
				4FDC648E2C7F0B59009D4BF2 /* TaxiDriverUITests */,
			);
		};
/* End PBXProject section */

/* Begin PBXResourcesBuildPhase section */
		4FDC64732C7F0B58009D4BF2 /* Resources */ = {
			isa = PBXResourcesBuildPhase;
			buildActionMask = 2147483647;
			files = (
				4F1E27702D49C88C00599C3E /* en.json in Resources */,
				4F1E275E2D49C32900599C3E /* NunitoSans-SemiBold.ttf in Resources */,
				4F1E275F2D49C32900599C3E /* NunitoSans-Bold.ttf in Resources */,
				4F1E27602D49C32900599C3E /* NunitoSans-Regular.ttf in Resources */,
				4F1E27612D49C32900599C3E /* NunitoSans-ExtraBold.ttf in Resources */,
				4FDC64802C7F0B59009D4BF2 /* Preview Assets.xcassets in Resources */,
				4F1E27522D49C03A00599C3E /* Launch Screen.storyboard in Resources */,
				4FECF51B2D49CC82009EA61B /* GoogleService-Info.plist in Resources */,
				4F1E27742D49C8AD00599C3E /* taxi-driver-Info.plist in Resources */,
				4FDC647D2C7F0B59009D4BF2 /* Assets.xcassets in Resources */,
			);
			runOnlyForDeploymentPostprocessing = 0;
		};
		4FDC64832C7F0B59009D4BF2 /* Resources */ = {
			isa = PBXResourcesBuildPhase;
			buildActionMask = 2147483647;
			files = (
			);
			runOnlyForDeploymentPostprocessing = 0;
		};
		4FDC648D2C7F0B59009D4BF2 /* Resources */ = {
			isa = PBXResourcesBuildPhase;
			buildActionMask = 2147483647;
			files = (
			);
			runOnlyForDeploymentPostprocessing = 0;
		};
/* End PBXResourcesBuildPhase section */

/* Begin PBXSourcesBuildPhase section */
		4FDC64712C7F0B58009D4BF2 /* Sources */ = {
			isa = PBXSourcesBuildPhase;
			buildActionMask = 2147483647;
			files = (
				4FE1E4322CAEB98000A07767 /* CountryPickerUI.swift in Sources */,
				4FCF3FBE2CA0482400189FBF /* ChangeLanguageView.swift in Sources */,
				4F1E27582D49C1C200599C3E /* ContentView.swift in Sources */,
				4F7051F82CB4053000D1DA58 /* DocumentUploadView.swift in Sources */,
				4FF850482CB524B7009B0538 /* ServiceCall.swift in Sources */,
				4F7051FA2CB4066300D1DA58 /* DocumentRow.swift in Sources */,
				4F24C2612D0B465E0052C8A4 /* VisualEffectView.swift in Sources */,
				4FDC5B032D5B7AD800F85EFC /* EarningView.swift in Sources */,
				4F6AF2942C7F16A300409C16 /* UIExtension.swift in Sources */,
				4F7051F02CB035B900D1DA58 /* SignInView.swift in Sources */,
				4F993E012CB6B91A009E11EF /* SubscriptionPlanView.swift in Sources */,
				4F993DFD2CB54828009E11EF /* AddVehicleView.swift in Sources */,
				4F7051F22CB03BD400D1DA58 /* LineTextField.swift in Sources */,
				4F1CF6D02CA2DE54006CF8BC /* WelcomView.swift in Sources */,
				4FB937462D132D5C0025454A /* ReasonView.swift in Sources */,
				4FF8504A2CB524F9009B0538 /* Globs.swift in Sources */,
				4F7051F42CB2A09A00D1DA58 /* SingUpView.swift in Sources */,
				4F24C25F2D0B3FCE0052C8A4 /* BackgroundCleanerView.swift in Sources */,
				4FA38B6F2D5ADB5500AF0DD4 /* TitleSubtitleRow.swift in Sources */,
				4F1E27562D49C1A900599C3E /* TaxiDriverApp.swift in Sources */,
				4F7051EE2CAF556A00D1DA58 /* OTPTextField.swift in Sources */,
				4FAF99162CC9286E005957C1 /* TipRequestView.swift in Sources */,
				4F7051F62CB2C35600D1DA58 /* BankDataView.swift in Sources */,
				4FC2FAFF2CC1174900A1152D /* IconTitleSubtitleButton.swift in Sources */,
				4F7051EC2CAF551F00D1DA58 /* OTPView.swift in Sources */,
				4FF850402CB5233D009B0538 /* DocumentModel.swift in Sources */,
				4FA38B6D2D5ADA2C00AF0DD4 /* TitleSubtitleButton.swift in Sources */,
				4FDC5B052D5D332F00F85EFC /* SummaryView.swift in Sources */,
				4F993DFF2CB6B3C4009E11EF /* VehicleDocumentView.swift in Sources */,
				4F24F91C2D45BC6300D12862 /* MenuView.swift in Sources */,
				4FA38B6B2D5ACB2500AF0DD4 /* TripDetailsView.swift in Sources */,
				4FDC5B0B2D5D75D800F85EFC /* WalletView.swift in Sources */,
				4FDC5B092D5D3CEC00F85EFC /* WeeklySummaryRow.swift in Sources */,
				4FDC5B0F2D5D796E00F85EFC /* WalletRow.swift in Sources */,
				4FF8504C2CB5255D009B0538 /* ImagePicker.swift in Sources */,
				4F993E032CB963AE009E11EF /* HomeView.swift in Sources */,
				4F75476A2CA55FB60088751A /* MobileNumberView.swift in Sources */,
				4FF850462CB5246A009B0538 /* DocumentViewModel.swift in Sources */,
				4FDC5B0D2D5D762500F85EFC /* AddMoneyWalletView.swift in Sources */,
				4F001A0F2CD3A2520036B831 /* MyMapView.swift in Sources */,
				4F001A112CD543520036B831 /* RunTripView.swift in Sources */,
				4FDC5B072D5D3CAF00F85EFC /* TodaySummaryRow.swift in Sources */,
			);
			runOnlyForDeploymentPostprocessing = 0;
		};
		4FDC64812C7F0B59009D4BF2 /* Sources */ = {
			isa = PBXSourcesBuildPhase;
			buildActionMask = 2147483647;
			files = (
			);
			runOnlyForDeploymentPostprocessing = 0;
		};
		4FDC648B2C7F0B59009D4BF2 /* Sources */ = {
			isa = PBXSourcesBuildPhase;
			buildActionMask = 2147483647;
			files = (
			);
			runOnlyForDeploymentPostprocessing = 0;
		};
/* End PBXSourcesBuildPhase section */

/* Begin PBXTargetDependency section */
		4FDC64872C7F0B59009D4BF2 /* PBXTargetDependency */ = {
			isa = PBXTargetDependency;
			target = 4FDC64742C7F0B58009D4BF2 /* TaxiDriver */;
			targetProxy = 4FDC64862C7F0B59009D4BF2 /* PBXContainerItemProxy */;
		};
		4FDC64912C7F0B59009D4BF2 /* PBXTargetDependency */ = {
			isa = PBXTargetDependency;
			target = 4FDC64742C7F0B58009D4BF2 /* TaxiDriver */;
			targetProxy = 4FDC64902C7F0B59009D4BF2 /* PBXContainerItemProxy */;
		};
/* End PBXTargetDependency section */

/* Begin XCBuildConfiguration section */
		4FDC64972C7F0B59009D4BF2 /* Debug */ = {
			isa = XCBuildConfiguration;
			buildSettings = {
				ALWAYS_SEARCH_USER_PATHS = NO;
				ASSETCATALOG_COMPILER_GENERATE_SWIFT_ASSET_SYMBOL_EXTENSIONS = YES;
				CLANG_ANALYZER_NONNULL = YES;
				CLANG_ANALYZER_NUMBER_OBJECT_CONVERSION = YES_AGGRESSIVE;
				CLANG_CXX_LANGUAGE_STANDARD = "gnu++20";
				CLANG_ENABLE_MODULES = YES;
				CLANG_ENABLE_OBJC_ARC = YES;
				CLANG_ENABLE_OBJC_WEAK = YES;
				CLANG_WARN_BLOCK_CAPTURE_AUTORELEASING = YES;
				CLANG_WARN_BOOL_CONVERSION = YES;
				CLANG_WARN_COMMA = YES;
				CLANG_WARN_CONSTANT_CONVERSION = YES;
				CLANG_WARN_DEPRECATED_OBJC_IMPLEMENTATIONS = YES;
				CLANG_WARN_DIRECT_OBJC_ISA_USAGE = YES_ERROR;
				CLANG_WARN_DOCUMENTATION_COMMENTS = YES;
				CLANG_WARN_EMPTY_BODY = YES;
				CLANG_WARN_ENUM_CONVERSION = YES;
				CLANG_WARN_INFINITE_RECURSION = YES;
				CLANG_WARN_INT_CONVERSION = YES;
				CLANG_WARN_NON_LITERAL_NULL_CONVERSION = YES;
				CLANG_WARN_OBJC_IMPLICIT_RETAIN_SELF = YES;
				CLANG_WARN_OBJC_LITERAL_CONVERSION = YES;
				CLANG_WARN_OBJC_ROOT_CLASS = YES_ERROR;
				CLANG_WARN_QUOTED_INCLUDE_IN_FRAMEWORK_HEADER = YES;
				CLANG_WARN_RANGE_LOOP_ANALYSIS = YES;
				CLANG_WARN_STRICT_PROTOTYPES = YES;
				CLANG_WARN_SUSPICIOUS_MOVE = YES;
				CLANG_WARN_UNGUARDED_AVAILABILITY = YES_AGGRESSIVE;
				CLANG_WARN_UNREACHABLE_CODE = YES;
				CLANG_WARN__DUPLICATE_METHOD_MATCH = YES;
				COPY_PHASE_STRIP = NO;
				DEBUG_INFORMATION_FORMAT = dwarf;
				ENABLE_STRICT_OBJC_MSGSEND = YES;
				ENABLE_TESTABILITY = YES;
				ENABLE_USER_SCRIPT_SANDBOXING = YES;
				GCC_C_LANGUAGE_STANDARD = gnu17;
				GCC_DYNAMIC_NO_PIC = NO;
				GCC_NO_COMMON_BLOCKS = YES;
				GCC_OPTIMIZATION_LEVEL = 0;
				GCC_PREPROCESSOR_DEFINITIONS = (
					"DEBUG=1",
					"$(inherited)",
				);
				GCC_WARN_64_TO_32_BIT_CONVERSION = YES;
				GCC_WARN_ABOUT_RETURN_TYPE = YES_ERROR;
				GCC_WARN_UNDECLARED_SELECTOR = YES;
				GCC_WARN_UNINITIALIZED_AUTOS = YES_AGGRESSIVE;
				GCC_WARN_UNUSED_FUNCTION = YES;
				GCC_WARN_UNUSED_VARIABLE = YES;
				IPHONEOS_DEPLOYMENT_TARGET = 15.0;
				LOCALIZATION_PREFERS_STRING_CATALOGS = YES;
				MTL_ENABLE_DEBUG_INFO = INCLUDE_SOURCE;
				MTL_FAST_MATH = YES;
				ONLY_ACTIVE_ARCH = YES;
				SDKROOT = iphoneos;
				SWIFT_ACTIVE_COMPILATION_CONDITIONS = "DEBUG $(inherited)";
				SWIFT_OPTIMIZATION_LEVEL = "-Onone";
			};
			name = Debug;
		};
		4FDC64982C7F0B59009D4BF2 /* Release */ = {
			isa = XCBuildConfiguration;
			buildSettings = {
				ALWAYS_SEARCH_USER_PATHS = NO;
				ASSETCATALOG_COMPILER_GENERATE_SWIFT_ASSET_SYMBOL_EXTENSIONS = YES;
				CLANG_ANALYZER_NONNULL = YES;
				CLANG_ANALYZER_NUMBER_OBJECT_CONVERSION = YES_AGGRESSIVE;
				CLANG_CXX_LANGUAGE_STANDARD = "gnu++20";
				CLANG_ENABLE_MODULES = YES;
				CLANG_ENABLE_OBJC_ARC = YES;
				CLANG_ENABLE_OBJC_WEAK = YES;
				CLANG_WARN_BLOCK_CAPTURE_AUTORELEASING = YES;
				CLANG_WARN_BOOL_CONVERSION = YES;
				CLANG_WARN_COMMA = YES;
				CLANG_WARN_CONSTANT_CONVERSION = YES;
				CLANG_WARN_DEPRECATED_OBJC_IMPLEMENTATIONS = YES;
				CLANG_WARN_DIRECT_OBJC_ISA_USAGE = YES_ERROR;
				CLANG_WARN_DOCUMENTATION_COMMENTS = YES;
				CLANG_WARN_EMPTY_BODY = YES;
				CLANG_WARN_ENUM_CONVERSION = YES;
				CLANG_WARN_INFINITE_RECURSION = YES;
				CLANG_WARN_INT_CONVERSION = YES;
				CLANG_WARN_NON_LITERAL_NULL_CONVERSION = YES;
				CLANG_WARN_OBJC_IMPLICIT_RETAIN_SELF = YES;
				CLANG_WARN_OBJC_LITERAL_CONVERSION = YES;
				CLANG_WARN_OBJC_ROOT_CLASS = YES_ERROR;
				CLANG_WARN_QUOTED_INCLUDE_IN_FRAMEWORK_HEADER = YES;
				CLANG_WARN_RANGE_LOOP_ANALYSIS = YES;
				CLANG_WARN_STRICT_PROTOTYPES = YES;
				CLANG_WARN_SUSPICIOUS_MOVE = YES;
				CLANG_WARN_UNGUARDED_AVAILABILITY = YES_AGGRESSIVE;
				CLANG_WARN_UNREACHABLE_CODE = YES;
				CLANG_WARN__DUPLICATE_METHOD_MATCH = YES;
				COPY_PHASE_STRIP = NO;
				DEBUG_INFORMATION_FORMAT = "dwarf-with-dsym";
				ENABLE_NS_ASSERTIONS = NO;
				ENABLE_STRICT_OBJC_MSGSEND = YES;
				ENABLE_USER_SCRIPT_SANDBOXING = YES;
				GCC_C_LANGUAGE_STANDARD = gnu17;
				GCC_NO_COMMON_BLOCKS = YES;
				GCC_WARN_64_TO_32_BIT_CONVERSION = YES;
				GCC_WARN_ABOUT_RETURN_TYPE = YES_ERROR;
				GCC_WARN_UNDECLARED_SELECTOR = YES;
				GCC_WARN_UNINITIALIZED_AUTOS = YES_AGGRESSIVE;
				GCC_WARN_UNUSED_FUNCTION = YES;
				GCC_WARN_UNUSED_VARIABLE = YES;
				IPHONEOS_DEPLOYMENT_TARGET = 15.0;
				LOCALIZATION_PREFERS_STRING_CATALOGS = YES;
				MTL_ENABLE_DEBUG_INFO = NO;
				MTL_FAST_MATH = YES;
				SDKROOT = iphoneos;
				SWIFT_COMPILATION_MODE = wholemodule;
				VALIDATE_PRODUCT = YES;
			};
			name = Release;
		};
		4FDC649A2C7F0B59009D4BF2 /* Debug */ = {
			isa = XCBuildConfiguration;
			buildSettings = {
				ASSETCATALOG_COMPILER_APPICON_NAME = AppIcon;
				ASSETCATALOG_COMPILER_GLOBAL_ACCENT_COLOR_NAME = AccentColor;
				CODE_SIGN_STYLE = Automatic;
				CURRENT_PROJECT_VERSION = 1;
				DEVELOPMENT_ASSET_PATHS = "\"TaxiDriver/Preview Content\"";
				ENABLE_PREVIEWS = YES;
				GENERATE_INFOPLIST_FILE = YES;
				INFOPLIST_KEY_UIApplicationSceneManifest_Generation = YES;
				INFOPLIST_KEY_UIApplicationSupportsIndirectInputEvents = YES;
				INFOPLIST_KEY_UILaunchScreen_Generation = YES;
				INFOPLIST_KEY_UILaunchStoryboardName = "Launch Screen.storyboard";
				INFOPLIST_KEY_UIStatusBarStyle = "";
				INFOPLIST_KEY_UISupportedInterfaceOrientations = UIInterfaceOrientationPortrait;
				INFOPLIST_KEY_UISupportedInterfaceOrientations_iPad = "UIInterfaceOrientationLandscapeLeft UIInterfaceOrientationLandscapeRight UIInterfaceOrientationPortrait UIInterfaceOrientationPortraitUpsideDown";
				LD_RUNPATH_SEARCH_PATHS = (
					"$(inherited)",
					"@executable_path/Frameworks",
				);
				MARKETING_VERSION = 1.0;
				PRODUCT_BUNDLE_IDENTIFIER = com.vezi.TaxiDriver;
				PRODUCT_NAME = "$(TARGET_NAME)";
				SUPPORTED_PLATFORMS = "iphoneos iphonesimulator";
				SUPPORTS_MACCATALYST = NO;
				SUPPORTS_MAC_DESIGNED_FOR_IPHONE_IPAD = NO;
				SUPPORTS_XR_DESIGNED_FOR_IPHONE_IPAD = NO;
				SWIFT_EMIT_LOC_STRINGS = YES;
				SWIFT_VERSION = 5.0;
				TARGETED_DEVICE_FAMILY = 1;
			};
			name = Debug;
		};
		4FDC649B2C7F0B59009D4BF2 /* Release */ = {
			isa = XCBuildConfiguration;
			buildSettings = {
				ASSETCATALOG_COMPILER_APPICON_NAME = AppIcon;
				ASSETCATALOG_COMPILER_GLOBAL_ACCENT_COLOR_NAME = AccentColor;
				CODE_SIGN_STYLE = Automatic;
				CURRENT_PROJECT_VERSION = 1;
				DEVELOPMENT_ASSET_PATHS = "\"TaxiDriver/Preview Content\"";
				ENABLE_PREVIEWS = YES;
				GENERATE_INFOPLIST_FILE = YES;
				INFOPLIST_KEY_UIApplicationSceneManifest_Generation = YES;
				INFOPLIST_KEY_UIApplicationSupportsIndirectInputEvents = YES;
				INFOPLIST_KEY_UILaunchScreen_Generation = YES;
				INFOPLIST_KEY_UILaunchStoryboardName = "Launch Screen.storyboard";
				INFOPLIST_KEY_UIStatusBarStyle = "";
				INFOPLIST_KEY_UISupportedInterfaceOrientations = UIInterfaceOrientationPortrait;
				INFOPLIST_KEY_UISupportedInterfaceOrientations_iPad = "UIInterfaceOrientationLandscapeLeft UIInterfaceOrientationLandscapeRight UIInterfaceOrientationPortrait UIInterfaceOrientationPortraitUpsideDown";
				LD_RUNPATH_SEARCH_PATHS = (
					"$(inherited)",
					"@executable_path/Frameworks",
				);
				MARKETING_VERSION = 1.0;
				PRODUCT_BUNDLE_IDENTIFIER = com.vezi.TaxiDriver;
				PRODUCT_NAME = "$(TARGET_NAME)";
				SUPPORTED_PLATFORMS = "iphoneos iphonesimulator";
				SUPPORTS_MACCATALYST = NO;
				SUPPORTS_MAC_DESIGNED_FOR_IPHONE_IPAD = NO;
				SUPPORTS_XR_DESIGNED_FOR_IPHONE_IPAD = NO;
				SWIFT_EMIT_LOC_STRINGS = YES;
				SWIFT_VERSION = 5.0;
				TARGETED_DEVICE_FAMILY = 1;
			};
			name = Release;
		};
		4FDC649D2C7F0B59009D4BF2 /* Debug */ = {
			isa = XCBuildConfiguration;
			buildSettings = {
				BUNDLE_LOADER = "$(TEST_HOST)";
				CODE_SIGN_STYLE = Automatic;
				CURRENT_PROJECT_VERSION = 1;
				GENERATE_INFOPLIST_FILE = YES;
				IPHONEOS_DEPLOYMENT_TARGET = 17.5;
				MARKETING_VERSION = 1.0;
				PRODUCT_BUNDLE_IDENTIFIER = com.vezi.TaxiDriverTests;
				PRODUCT_NAME = "$(TARGET_NAME)";
				SUPPORTED_PLATFORMS = "iphoneos iphonesimulator";
				SUPPORTS_MACCATALYST = NO;
				SUPPORTS_MAC_DESIGNED_FOR_IPHONE_IPAD = NO;
				SUPPORTS_XR_DESIGNED_FOR_IPHONE_IPAD = NO;
				SWIFT_EMIT_LOC_STRINGS = NO;
				SWIFT_VERSION = 5.0;
				TARGETED_DEVICE_FAMILY = 1;
				TEST_HOST = "$(BUILT_PRODUCTS_DIR)/TaxiDriver.app/$(BUNDLE_EXECUTABLE_FOLDER_PATH)/TaxiDriver";
			};
			name = Debug;
		};
		4FDC649E2C7F0B59009D4BF2 /* Release */ = {
			isa = XCBuildConfiguration;
			buildSettings = {
				BUNDLE_LOADER = "$(TEST_HOST)";
				CODE_SIGN_STYLE = Automatic;
				CURRENT_PROJECT_VERSION = 1;
				GENERATE_INFOPLIST_FILE = YES;
				IPHONEOS_DEPLOYMENT_TARGET = 17.5;
				MARKETING_VERSION = 1.0;
				PRODUCT_BUNDLE_IDENTIFIER = com.vezi.TaxiDriverTests;
				PRODUCT_NAME = "$(TARGET_NAME)";
				SUPPORTED_PLATFORMS = "iphoneos iphonesimulator";
				SUPPORTS_MACCATALYST = NO;
				SUPPORTS_MAC_DESIGNED_FOR_IPHONE_IPAD = NO;
				SUPPORTS_XR_DESIGNED_FOR_IPHONE_IPAD = NO;
				SWIFT_EMIT_LOC_STRINGS = NO;
				SWIFT_VERSION = 5.0;
				TARGETED_DEVICE_FAMILY = 1;
				TEST_HOST = "$(BUILT_PRODUCTS_DIR)/TaxiDriver.app/$(BUNDLE_EXECUTABLE_FOLDER_PATH)/TaxiDriver";
			};
			name = Release;
		};
		4FDC64A02C7F0B59009D4BF2 /* Debug */ = {
			isa = XCBuildConfiguration;
			buildSettings = {
				CODE_SIGN_STYLE = Automatic;
				CURRENT_PROJECT_VERSION = 1;
				GENERATE_INFOPLIST_FILE = YES;
				MARKETING_VERSION = 1.0;
				PRODUCT_BUNDLE_IDENTIFIER = com.vezi.TaxiDriverUITests;
				PRODUCT_NAME = "$(TARGET_NAME)";
				SUPPORTED_PLATFORMS = "iphoneos iphonesimulator";
				SUPPORTS_MACCATALYST = NO;
				SUPPORTS_MAC_DESIGNED_FOR_IPHONE_IPAD = NO;
				SUPPORTS_XR_DESIGNED_FOR_IPHONE_IPAD = NO;
				SWIFT_EMIT_LOC_STRINGS = NO;
				SWIFT_VERSION = 5.0;
				TARGETED_DEVICE_FAMILY = 1;
				TEST_TARGET_NAME = TaxiDriver;
			};
			name = Debug;
		};
		4FDC64A12C7F0B59009D4BF2 /* Release */ = {
			isa = XCBuildConfiguration;
			buildSettings = {
				CODE_SIGN_STYLE = Automatic;
				CURRENT_PROJECT_VERSION = 1;
				GENERATE_INFOPLIST_FILE = YES;
				MARKETING_VERSION = 1.0;
				PRODUCT_BUNDLE_IDENTIFIER = com.vezi.TaxiDriverUITests;
				PRODUCT_NAME = "$(TARGET_NAME)";
				SUPPORTED_PLATFORMS = "iphoneos iphonesimulator";
				SUPPORTS_MACCATALYST = NO;
				SUPPORTS_MAC_DESIGNED_FOR_IPHONE_IPAD = NO;
				SUPPORTS_XR_DESIGNED_FOR_IPHONE_IPAD = NO;
				SWIFT_EMIT_LOC_STRINGS = NO;
				SWIFT_VERSION = 5.0;
				TARGETED_DEVICE_FAMILY = 1;
				TEST_TARGET_NAME = TaxiDriver;
			};
			name = Release;
		};
/* End XCBuildConfiguration section */

/* Begin XCConfigurationList section */
		4FDC64702C7F0B58009D4BF2 /* Build configuration list for PBXProject "TaxiDriver" */ = {
			isa = XCConfigurationList;
			buildConfigurations = (
				4FDC64972C7F0B59009D4BF2 /* Debug */,
				4FDC64982C7F0B59009D4BF2 /* Release */,
			);
			defaultConfigurationIsVisible = 0;
			defaultConfigurationName = Release;
		};
		4FDC64992C7F0B59009D4BF2 /* Build configuration list for PBXNativeTarget "TaxiDriver" */ = {
			isa = XCConfigurationList;
			buildConfigurations = (
				4FDC649A2C7F0B59009D4BF2 /* Debug */,
				4FDC649B2C7F0B59009D4BF2 /* Release */,
			);
			defaultConfigurationIsVisible = 0;
			defaultConfigurationName = Release;
		};
		4FDC649C2C7F0B59009D4BF2 /* Build configuration list for PBXNativeTarget "TaxiDriverTests" */ = {
			isa = XCConfigurationList;
			buildConfigurations = (
				4FDC649D2C7F0B59009D4BF2 /* Debug */,
				4FDC649E2C7F0B59009D4BF2 /* Release */,
			);
			defaultConfigurationIsVisible = 0;
			defaultConfigurationName = Release;
		};
		4FDC649F2C7F0B59009D4BF2 /* Build configuration list for PBXNativeTarget "TaxiDriverUITests" */ = {
			isa = XCConfigurationList;
			buildConfigurations = (
				4FDC64A02C7F0B59009D4BF2 /* Debug */,
				4FDC64A12C7F0B59009D4BF2 /* Release */,
			);
			defaultConfigurationIsVisible = 0;
			defaultConfigurationName = Release;
		};
/* End XCConfigurationList section */

/* Begin XCRemoteSwiftPackageReference section */
		4F1E27772D49C9FA00599C3E /* XCRemoteSwiftPackageReference "firebase-ios-sdk" */ = {
			isa = XCRemoteSwiftPackageReference;
			repositoryURL = "https://github.com/firebase/firebase-ios-sdk.git";
			requirement = {
				kind = versionRange;
				maximumVersion = 12.0.0;
				minimumVersion = 11.7.0;
			};
		};
		4F7051E82CAF0E7800D1DA58 /* XCRemoteSwiftPackageReference "CountryPicker" */ = {
			isa = XCRemoteSwiftPackageReference;
			repositoryURL = "https://github.com/mobven/CountryPicker";
			requirement = {
				kind = versionRange;
				maximumVersion = 3.0.0;
				minimumVersion = 2.0.3;
			};
		};
/* End XCRemoteSwiftPackageReference section */

/* Begin XCSwiftPackageProductDependency section */
		4F7051E92CAF0E7800D1DA58 /* CountryPicker */ = {
			isa = XCSwiftPackageProductDependency;
			package = 4F7051E82CAF0E7800D1DA58 /* XCRemoteSwiftPackageReference "CountryPicker" */;
			productName = CountryPicker;
		};
/* End XCSwiftPackageProductDependency section */
	};
	rootObject = 4FDC646D2C7F0B58009D4BF2 /* Project object */;
}
